
Microsoft Visual Studio Solution File, Format Version 12.00
# Visual Studio Version 17
VisualStudioVersion = 17.3.32922.545
MinimumVisualStudioVersion = 10.0.40219.1
Project("{8BC9CEB8-8B4A-11D0-8D11-00A0C91BC942}") = "Process_Schaduler", "Process_Schaduler\Process_Schaduler.vcxproj", "{5BD2467B-F7C2-4557-A5F7-3AB7D42223F3}"
EndProject
Global
	GlobalSection(SolutionConfigurationPlatforms) = preSolution
		Debug|x64 = Debug|x64
		Debug|x86 = Debug|x86
		Release|x64 = Release|x64
		Release|x86 = Release|x86
	EndGlobalSection
	GlobalSection(ProjectConfigurationPlatforms) = postSolution
		{5BD2467B-F7C2-4557-A5F7-3AB7D42223F3}.Debug|x64.ActiveCfg = Debug|x64
		{5BD2467B-F7C2-4557-A5F7-3AB7D42223F3}.Debug|x64.Build.0 = Debug|x64
		{5BD2467B-F7C2-4557-A5F7-3AB7D42223F3}.Debug|x86.ActiveCfg = Debug|Win32
		{5BD2467B-F7C2-4557-A5F7-3AB7D42223F3}.Debug|x86.Build.0 = Debug|Win32
		{5BD2467B-F7C2-4557-A5F7-3AB7D42223F3}.Release|x64.ActiveCfg = Release|x64
		{5BD2467B-F7C2-4557-A5F7-3AB7D42223F3}.Release|x64.Build.0 = Release|x64
		{5BD2467B-F7C2-4557-A5F7-3AB7D42223F3}.Release|x86.ActiveCfg = Release|Win32
		{5BD2467B-F7C2-4557-A5F7-3AB7D42223F3}.Release|x86.Build.0 = Release|Win32
	EndGlobalSection
	GlobalSection(SolutionProperties) = preSolution
		HideSolutionNode = FALSE
	EndGlobalSection
	GlobalSection(ExtensibilityGlobals) = postSolution
		SolutionGuid = {452080AE-61E3-4727-B6A7-046BC1B01A64}
	EndGlobalSection
EndGlobal
