<?xml version="1.0" encoding="utf-8"?>
<Project ToolsVersion="4.0" xmlns="http://schemas.microsoft.com/developer/msbuild/2003">
  <ItemGroup>
    <ClCompile Include="main.cpp" />
    <ClCompile Include="Processor\MainProcessor.cpp">
      <Filter>Processor</Filter>
    </ClCompile>
    <ClCompile Include="Scheduler\Scheduler.cpp">
      <Filter>Scheduler</Filter>
    </ClCompile>
    <ClCompile Include="Process\Process.cpp">
      <Filter>Process</Filter>
    </ClCompile>
    <ClCompile Include="UILayer\UI.cpp">
      <Filter>UILayer</Filter>
    </ClCompile>
    <ClCompile Include="FilesLayer\FileLayer.cpp">
      <Filter>FilesLayer</Filter>
    </ClCompile>
    <ClCompile Include="Process\SystemProcess\SystemPocess.cpp">
      <Filter>Process\SystemProcess</Filter>
    </ClCompile>
    <ClCompile Include="Process\UserProcess\UserProcess.cpp">
      <Filter>Process\UserProcess</Filter>
    </ClCompile>
    <ClCompile Include="Processor\SJF\SJF.cpp">
      <Filter>Processor\SJF</Filter>
    </ClCompile>
    <ClCompile Include="Processor\RR\RR.cpp">
      <Filter>Processor\RR</Filter>
    </ClCompile>
    <ClCompile Include="Processor\FCFS\FCFS.cpp">
      <Filter>Processor\FCFS</Filter>
    </ClCompile>
  </ItemGroup>
  <ItemGroup>
    <Filter Include="Processor">
      <UniqueIdentifier>{ad40994c-bb6d-4450-8e5b-5d06b3ba212a}</UniqueIdentifier>
    </Filter>
    <Filter Include="Scheduler">
      <UniqueIdentifier>{db6d903d-8c8c-4956-aa49-e2b3227f3ea2}</UniqueIdentifier>
    </Filter>
    <Filter Include="Process">
      <UniqueIdentifier>{b729fa11-8270-4f45-8eb1-7973543455b2}</UniqueIdentifier>
    </Filter>
    <Filter Include="UILayer">
      <UniqueIdentifier>{551184e3-dfa0-4f82-af24-d276022beea1}</UniqueIdentifier>
    </Filter>
    <Filter Include="FilesLayer">
      <UniqueIdentifier>{0d01fc03-b913-415b-b9d1-061aba53c1b9}</UniqueIdentifier>
    </Filter>
    <Filter Include="Process\SystemProcess">
      <UniqueIdentifier>{b73280dc-c75b-45f8-9da1-bf89b3019bd1}</UniqueIdentifier>
    </Filter>
    <Filter Include="Process\UserProcess">
      <UniqueIdentifier>{33b9e861-d13d-46da-ad99-4d36a61786dd}</UniqueIdentifier>
    </Filter>
    <Filter Include="DataStructures">
      <UniqueIdentifier>{c38bbe13-861b-4098-a3ca-f8c32f3ceb75}</UniqueIdentifier>
    </Filter>
    <Filter Include="DataStructures\List">
      <UniqueIdentifier>{c68f1f87-597e-4526-839e-7c8a5b8209b9}</UniqueIdentifier>
    </Filter>
    <Filter Include="DataStructures\PQueue">
      <UniqueIdentifier>{6f8be8f9-27c9-4b68-bde6-5143cd8d288f}</UniqueIdentifier>
    </Filter>
    <Filter Include="DataStructures\Queue">
      <UniqueIdentifier>{c46ba76b-d282-45ff-a8c3-427913749434}</UniqueIdentifier>
    </Filter>
    <Filter Include="DataStructures\Stack">
      <UniqueIdentifier>{65af0169-5dde-4ec7-b74b-cb6cdb7bb2ea}</UniqueIdentifier>
    </Filter>
    <Filter Include="Processor\FCFS">
      <UniqueIdentifier>{e92f5e04-b495-4a91-b442-383cc071914f}</UniqueIdentifier>
    </Filter>
    <Filter Include="Processor\SJF">
      <UniqueIdentifier>{f241355d-cc76-40c8-b458-8612ee371a4a}</UniqueIdentifier>
    </Filter>
    <Filter Include="Processor\RR">
      <UniqueIdentifier>{e504ed4c-4d98-4d4e-bcbe-b6264c83f6ce}</UniqueIdentifier>
    </Filter>
  </ItemGroup>
  <ItemGroup>
    <ClInclude Include="Processor\MainProcessor.h">
      <Filter>Processor</Filter>
    </ClInclude>
    <ClInclude Include="Scheduler\Scheduler.h">
      <Filter>Scheduler</Filter>
    </ClInclude>
    <ClInclude Include="Process\Process.h">
      <Filter>Process</Filter>
    </ClInclude>
    <ClInclude Include="UILayer\UI.h">
      <Filter>UILayer</Filter>
    </ClInclude>
    <ClInclude Include="FilesLayer\FileLayer.h">
      <Filter>FilesLayer</Filter>
    </ClInclude>
    <ClInclude Include="Process\SystemProcess\SystemPocess.h">
      <Filter>Process\SystemProcess</Filter>
    </ClInclude>
    <ClInclude Include="Process\UserProcess\UserProcess.h">
      <Filter>Process\UserProcess</Filter>
    </ClInclude>
    <ClInclude Include="DataStructures\List\List.h">
      <Filter>DataStructures\List</Filter>
    </ClInclude>
    <ClInclude Include="DataStructures\PQueue\PQueue.h">
      <Filter>DataStructures\PQueue</Filter>
    </ClInclude>
    <ClInclude Include="DataStructures\Queue\Queue.h">
      <Filter>DataStructures\Queue</Filter>
    </ClInclude>
    <ClInclude Include="DataStructures\Stack\Stack.h">
      <Filter>DataStructures\Stack</Filter>
    </ClInclude>
    <ClInclude Include="DataStructures\Node.h">
      <Filter>DataStructures</Filter>
    </ClInclude>
    <ClInclude Include="Processor\SJF\SJF.h">
      <Filter>Processor\SJF</Filter>
    </ClInclude>
    <ClInclude Include="Processor\RR\RR.h">
      <Filter>Processor\RR</Filter>
    </ClInclude>
    <ClInclude Include="Processor\FCFS\FCFS.h">
      <Filter>Processor\FCFS</Filter>
    </ClInclude>
  </ItemGroup>
  <ItemGroup>
    <Text Include="file.txt" />
  </ItemGroup>
</Project>